// !$*UTF8*$!
{
	archiveVersion = 1;
	classes = {
	};
	objectVersion = 46;
	objects = {

/* Begin PBXBuildFile section */
		46DD4A601D209CA00019064E /* AppDelegate.swift in Sources */ = {isa = PBXBuildFile; fileRef = 46DD4A5F1D209CA00019064E /* AppDelegate.swift */; };
		46DD4A631D209CA00019064E /* MyToDoListApp.xcdatamodeld in Sources */ = {isa = PBXBuildFile; fileRef = 46DD4A611D209CA00019064E /* MyToDoListApp.xcdatamodeld */; };
		46DD4A651D209CA00019064E /* ViewController.swift in Sources */ = {isa = PBXBuildFile; fileRef = 46DD4A641D209CA00019064E /* ViewController.swift */; };
		46DD4A681D209CA00019064E /* Main.storyboard in Resources */ = {isa = PBXBuildFile; fileRef = 46DD4A661D209CA00019064E /* Main.storyboard */; };
		46DD4A6A1D209CA00019064E /* Images.xcassets in Resources */ = {isa = PBXBuildFile; fileRef = 46DD4A691D209CA00019064E /* Images.xcassets */; };
		46DD4A6D1D209CA00019064E /* LaunchScreen.xib in Resources */ = {isa = PBXBuildFile; fileRef = 46DD4A6B1D209CA00019064E /* LaunchScreen.xib */; };
		46DD4A791D209CA00019064E /* MyToDoListAppTests.swift in Sources */ = {isa = PBXBuildFile; fileRef = 46DD4A781D209CA00019064E /* MyToDoListAppTests.swift */; };
/* End PBXBuildFile section */

/* Begin PBXContainerItemProxy section */
		46DD4A731D209CA00019064E /* PBXContainerItemProxy */ = {
			isa = PBXContainerItemProxy;
			containerPortal = 46DD4A521D209CA00019064E /* Project object */;
			proxyType = 1;
			remoteGlobalIDString = 46DD4A591D209CA00019064E;
			remoteInfo = MyToDoListApp;
		};
/* End PBXContainerItemProxy section */

/* Begin PBXFileReference section */
		46DD4A5A1D209CA00019064E /* MyToDoListApp.app */ = {isa = PBXFileReference; explicitFileType = wrapper.application; includeInIndex = 0; path = MyToDoListApp.app; sourceTree = BUILT_PRODUCTS_DIR; };
		46DD4A5E1D209CA00019064E /* Info.plist */ = {isa = PBXFileReference; lastKnownFileType = text.plist.xml; path = Info.plist; sourceTree = "<group>"; };
		46DD4A5F1D209CA00019064E /* AppDelegate.swift */ = {isa = PBXFileReference; lastKnownFileType = sourcecode.swift; path = AppDelegate.swift; sourceTree = "<group>"; };
		46DD4A621D209CA00019064E /* MyToDoListApp.xcdatamodel */ = {isa = PBXFileReference; lastKnownFileType = wrapper.xcdatamodel; path = MyToDoListApp.xcdatamodel; sourceTree = "<group>"; };
		46DD4A641D209CA00019064E /* ViewController.swift */ = {isa = PBXFileReference; lastKnownFileType = sourcecode.swift; path = ViewController.swift; sourceTree = "<group>"; };
		46DD4A671D209CA00019064E /* Base */ = {isa = PBXFileReference; lastKnownFileType = file.storyboard; name = Base; path = Base.lproj/Main.storyboard; sourceTree = "<group>"; };
		46DD4A691D209CA00019064E /* Images.xcassets */ = {isa = PBXFileReference; lastKnownFileType = folder.assetcatalog; path = Images.xcassets; sourceTree = "<group>"; };
		46DD4A6C1D209CA00019064E /* Base */ = {isa = PBXFileReference; lastKnownFileType = file.xib; name = Base; path = Base.lproj/LaunchScreen.xib; sourceTree = "<group>"; };
		46DD4A721D209CA00019064E /* MyToDoListAppTests.xctest */ = {isa = PBXFileReference; explicitFileType = wrapper.cfbundle; includeInIndex = 0; path = MyToDoListAppTests.xctest; sourceTree = BUILT_PRODUCTS_DIR; };
		46DD4A771D209CA00019064E /* Info.plist */ = {isa = PBXFileReference; lastKnownFileType = text.plist.xml; path = Info.plist; sourceTree = "<group>"; };
		46DD4A781D209CA00019064E /* MyToDoListAppTests.swift */ = {isa = PBXFileReference; lastKnownFileType = sourcecode.swift; path = MyToDoListAppTests.swift; sourceTree = "<group>"; };
/* End PBXFileReference section */

/* Begin PBXFrameworksBuildPhase section */
		46DD4A571D209CA00019064E /* Frameworks */ = {
			isa = PBXFrameworksBuildPhase;
			buildActionMask = 2147483647;
			files = (
			);
			runOnlyForDeploymentPostprocessing = 0;
		};
		46DD4A6F1D209CA00019064E /* Frameworks */ = {
			isa = PBXFrameworksBuildPhase;
			buildActionMask = 2147483647;
			files = (
			);
			runOnlyForDeploymentPostprocessing = 0;
		};
/* End PBXFrameworksBuildPhase section */

/* Begin PBXGroup section */
		46DD4A511D209CA00019064E = {
			isa = PBXGroup;
			children = (
				46DD4A5C1D209CA00019064E /* MyToDoListApp */,
				46DD4A751D209CA00019064E /* MyToDoListAppTests */,
				46DD4A5B1D209CA00019064E /* Products */,
			);
			sourceTree = "<group>";
		};
		46DD4A5B1D209CA00019064E /* Products */ = {
			isa = PBXGroup;
			children = (
				46DD4A5A1D209CA00019064E /* MyToDoListApp.app */,
				46DD4A721D209CA00019064E /* MyToDoListAppTests.xctest */,
			);
			name = Products;
			sourceTree = "<group>";
		};
		46DD4A5C1D209CA00019064E /* MyToDoListApp */ = {
			isa = PBXGroup;
			children = (
				46DD4A5F1D209CA00019064E /* AppDelegate.swift */,
				46DD4A641D209CA00019064E /* ViewController.swift */,
				46DD4A661D209CA00019064E /* Main.storyboard */,
				46DD4A691D209CA00019064E /* Images.xcassets */,
				46DD4A6B1D209CA00019064E /* LaunchScreen.xib */,
				46DD4A611D209CA00019064E /* MyToDoListApp.xcdatamodeld */,
				46DD4A5D1D209CA00019064E /* Supporting Files */,
			);
			path = MyToDoListApp;
			sourceTree = "<group>";
		};
		46DD4A5D1D209CA00019064E /* Supporting Files */ = {
			isa = PBXGroup;
			children = (
				46DD4A5E1D209CA00019064E /* Info.plist */,
			);
			name = "Supporting Files";
			sourceTree = "<group>";
		};
		46DD4A751D209CA00019064E /* MyToDoListAppTests */ = {
			isa = PBXGroup;
			children = (
				46DD4A781D209CA00019064E /* MyToDoListAppTests.swift */,
				46DD4A761D209CA00019064E /* Supporting Files */,
			);
			path = MyToDoListAppTests;
			sourceTree = "<group>";
		};
		46DD4A761D209CA00019064E /* Supporting Files */ = {
			isa = PBXGroup;
			children = (
				46DD4A771D209CA00019064E /* Info.plist */,
			);
			name = "Supporting Files";
			sourceTree = "<group>";
		};
/* End PBXGroup section */

/* Begin PBXNativeTarget section */
		46DD4A591D209CA00019064E /* MyToDoListApp */ = {
			isa = PBXNativeTarget;
			buildConfigurationList = 46DD4A7C1D209CA00019064E /* Build configuration list for PBXNativeTarget "MyToDoListApp" */;
			buildPhases = (
				46DD4A561D209CA00019064E /* Sources */,
				46DD4A571D209CA00019064E /* Frameworks */,
				46DD4A581D209CA00019064E /* Resources */,
			);
			buildRules = (
			);
			dependencies = (
			);
			name = MyToDoListApp;
			productName = MyToDoListApp;
			productReference = 46DD4A5A1D209CA00019064E /* MyToDoListApp.app */;
			productType = "com.apple.product-type.application";
		};
		46DD4A711D209CA00019064E /* MyToDoListAppTests */ = {
			isa = PBXNativeTarget;
			buildConfigurationList = 46DD4A7F1D209CA00019064E /* Build configuration list for PBXNativeTarget "MyToDoListAppTests" */;
			buildPhases = (
				46DD4A6E1D209CA00019064E /* Sources */,
				46DD4A6F1D209CA00019064E /* Frameworks */,
				46DD4A701D209CA00019064E /* Resources */,
			);
			buildRules = (
			);
			dependencies = (
				46DD4A741D209CA00019064E /* PBXTargetDependency */,
			);
			name = MyToDoListAppTests;
			productName = MyToDoListAppTests;
			productReference = 46DD4A721D209CA00019064E /* MyToDoListAppTests.xctest */;
			productType = "com.apple.product-type.bundle.unit-test";
		};
/* End PBXNativeTarget section */

/* Begin PBXProject section */
		46DD4A521D209CA00019064E /* Project object */ = {
			isa = PBXProject;
			attributes = {
				LastUpgradeCheck = 0610;
				ORGANIZATIONNAME = sandboxapp;
				TargetAttributes = {
					46DD4A591D209CA00019064E = {
						CreatedOnToolsVersion = 6.1.1;
					};
					46DD4A711D209CA00019064E = {
						CreatedOnToolsVersion = 6.1.1;
						TestTargetID = 46DD4A591D209CA00019064E;
					};
				};
			};
			buildConfigurationList = 46DD4A551D209CA00019064E /* Build configuration list for PBXProject "MyToDoListApp" */;
			compatibilityVersion = "Xcode 3.2";
			developmentRegion = English;
			hasScannedForEncodings = 0;
			knownRegions = (
				en,
				Base,
			);
			mainGroup = 46DD4A511D209CA00019064E;
			productRefGroup = 46DD4A5B1D209CA00019064E /* Products */;
			projectDirPath = "";
			projectRoot = "";
			targets = (
				46DD4A591D209CA00019064E /* MyToDoListApp */,
				46DD4A711D209CA00019064E /* MyToDoListAppTests */,
			);
		};
/* End PBXProject section */

/* Begin PBXResourcesBuildPhase section */
		46DD4A581D209CA00019064E /* Resources */ = {
			isa = PBXResourcesBuildPhase;
			buildActionMask = 2147483647;
			files = (
				46DD4A681D209CA00019064E /* Main.storyboard in Resources */,
				46DD4A6D1D209CA00019064E /* LaunchScreen.xib in Resources */,
				46DD4A6A1D209CA00019064E /* Images.xcassets in Resources */,
			);
			runOnlyForDeploymentPostprocessing = 0;
		};
		46DD4A701D209CA00019064E /* Resources */ = {
			isa = PBXResourcesBuildPhase;
			buildActionMask = 2147483647;
			files = (
			);
			runOnlyForDeploymentPostprocessing = 0;
		};
/* End PBXResourcesBuildPhase section */

/* Begin PBXSourcesBuildPhase section */
		46DD4A561D209CA00019064E /* Sources */ = {
			isa = PBXSourcesBuildPhase;
			buildActionMask = 2147483647;
			files = (
				46DD4A651D209CA00019064E /* ViewController.swift in Sources */,
				46DD4A601D209CA00019064E /* AppDelegate.swift in Sources */,
				46DD4A631D209CA00019064E /* MyToDoListApp.xcdatamodeld in Sources */,
			);
			runOnlyForDeploymentPostprocessing = 0;
		};
		46DD4A6E1D209CA00019064E /* Sources */ = {
			isa = PBXSourcesBuildPhase;
			buildActionMask = 2147483647;
			files = (
				46DD4A791D209CA00019064E /* MyToDoListAppTests.swift in Sources */,
			);
			runOnlyForDeploymentPostprocessing = 0;
		};
/* End PBXSourcesBuildPhase section */

/* Begin PBXTargetDependency section */
		46DD4A741D209CA00019064E /* PBXTargetDependency */ = {
			isa = PBXTargetDependency;
			target = 46DD4A591D209CA00019064E /* MyToDoListApp */;
			targetProxy = 46DD4A731D209CA00019064E /* PBXContainerItemProxy */;
		};
/* End PBXTargetDependency section */

/* Begin PBXVariantGroup section */
		46DD4A661D209CA00019064E /* Main.storyboard */ = {
			isa = PBXVariantGroup;
			children = (
				46DD4A671D209CA00019064E /* Base */,
			);
			name = Main.storyboard;
			sourceTree = "<group>";
		};
		46DD4A6B1D209CA00019064E /* LaunchScreen.xib */ = {
			isa = PBXVariantGroup;
			children = (
				46DD4A6C1D209CA00019064E /* Base */,
			);
			name = LaunchScreen.xib;
			sourceTree = "<group>";
		};
/* End PBXVariantGroup section */

/* Begin XCBuildConfiguration section */
		46DD4A7A1D209CA00019064E /* Debug */ = {
			isa = XCBuildConfiguration;
			buildSettings = {
				ALWAYS_SEARCH_USER_PATHS = NO;
				CLANG_CXX_LANGUAGE_STANDARD = "gnu++0x";
				CLANG_CXX_LIBRARY = "libc++";
				CLANG_ENABLE_MODULES = YES;
				CLANG_ENABLE_OBJC_ARC = YES;
				CLANG_WARN_BOOL_CONVERSION = YES;
				CLANG_WARN_CONSTANT_CONVERSION = YES;
				CLANG_WARN_DIRECT_OBJC_ISA_USAGE = YES_ERROR;
				CLANG_WARN_EMPTY_BODY = YES;
				CLANG_WARN_ENUM_CONVERSION = YES;
				CLANG_WARN_INT_CONVERSION = YES;
				CLANG_WARN_OBJC_ROOT_CLASS = YES_ERROR;
				CLANG_WARN_UNREACHABLE_CODE = YES;
				CLANG_WARN__DUPLICATE_METHOD_MATCH = YES;
				"CODE_SIGN_IDENTITY[sdk=iphoneos*]" = "iPhone Developer";
				COPY_PHASE_STRIP = NO;
				ENABLE_STRICT_OBJC_MSGSEND = YES;
				GCC_C_LANGUAGE_STANDARD = gnu99;
				GCC_DYNAMIC_NO_PIC = NO;
				GCC_OPTIMIZATION_LEVEL = 0;
				GCC_PREPROCESSOR_DEFINITIONS = (
					"DEBUG=1",
					"$(inherited)",
				);
				GCC_SYMBOLS_PRIVATE_EXTERN = NO;
				GCC_WARN_64_TO_32_BIT_CONVERSION = YES;
				GCC_WARN_ABOUT_RETURN_TYPE = YES_ERROR;
				GCC_WARN_UNDECLARED_SELECTOR = YES;
				GCC_WARN_UNINITIALIZED_AUTOS = YES_AGGRESSIVE;
				GCC_WARN_UNUSED_FUNCTION = YES;
				GCC_WARN_UNUSED_VARIABLE = YES;
				IPHONEOS_DEPLOYMENT_TARGET = 8.1;
				MTL_ENABLE_DEBUG_INFO = YES;
				ONLY_ACTIVE_ARCH = YES;
				SDKROOT = iphoneos;
				SWIFT_OPTIMIZATION_LEVEL = "-Onone";
			};
			name = Debug;
		};
		46DD4A7B1D209CA00019064E /* Release */ = {
			isa = XCBuildConfiguration;
			buildSettings = {
				ALWAYS_SEARCH_USER_PATHS = NO;
				CLANG_CXX_LANGUAGE_STANDARD = "gnu++0x";
				CLANG_CXX_LIBRARY = "libc++";
				CLANG_ENABLE_MODULES = YES;
				CLANG_ENABLE_OBJC_ARC = YES;
				CLANG_WARN_BOOL_CONVERSION = YES;
				CLANG_WARN_CONSTANT_CONVERSION = YES;
				CLANG_WARN_DIRECT_OBJC_ISA_USAGE = YES_ERROR;
				CLANG_WARN_EMPTY_BODY = YES;
				CLANG_WARN_ENUM_CONVERSION = YES;
				CLANG_WARN_INT_CONVERSION = YES;
				CLANG_WARN_OBJC_ROOT_CLASS = YES_ERROR;
				CLANG_WARN_UNREACHABLE_CODE = YES;
				CLANG_WARN__DUPLICATE_METHOD_MATCH = YES;
				"CODE_SIGN_IDENTITY[sdk=iphoneos*]" = "iPhone Developer";
				COPY_PHASE_STRIP = YES;
				ENABLE_NS_ASSERTIONS = NO;
				ENABLE_STRICT_OBJC_MSGSEND = YES;
				GCC_C_LANGUAGE_STANDARD = gnu99;
				GCC_WARN_64_TO_32_BIT_CONVERSION = YES;
				GCC_WARN_ABOUT_RETURN_TYPE = YES_ERROR;
				GCC_WARN_UNDECLARED_SELECTOR = YES;
				GCC_WARN_UNINITIALIZED_AUTOS = YES_AGGRESSIVE;
				GCC_WARN_UNUSED_FUNCTION = YES;
				GCC_WARN_UNUSED_VARIABLE = YES;
				IPHONEOS_DEPLOYMENT_TARGET = 8.1;
				MTL_ENABLE_DEBUG_INFO = NO;
				SDKROOT = iphoneos;
				VALIDATE_PRODUCT = YES;
			};
			name = Release;
		};
		46DD4A7D1D209CA00019064E /* Debug */ = {
			isa = XCBuildConfiguration;
			buildSettings = {
				ASSETCATALOG_COMPILER_APPICON_NAME = AppIcon;
				INFOPLIST_FILE = MyToDoListApp/Info.plist;
				LD_RUNPATH_SEARCH_PATHS = "$(inherited) @executable_path/Frameworks";
				PRODUCT_NAME = "$(TARGET_NAME)";
			};
			name = Debug;
		};
		46DD4A7E1D209CA00019064E /* Release */ = {
			isa = XCBuildConfiguration;
			buildSettings = {
				ASSETCATALOG_COMPILER_APPICON_NAME = AppIcon;
				INFOPLIST_FILE = MyToDoListApp/Info.plist;
				LD_RUNPATH_SEARCH_PATHS = "$(inherited) @executable_path/Frameworks";
				PRODUCT_NAME = "$(TARGET_NAME)";
			};
			name = Release;
		};
		46DD4A801D209CA00019064E /* Debug */ = {
			isa = XCBuildConfiguration;
			buildSettings = {
				BUNDLE_LOADER = "$(TEST_HOST)";
				FRAMEWORK_SEARCH_PATHS = (
					"$(SDKROOT)/Developer/Library/Frameworks",
					"$(inherited)",
				);
				GCC_PREPROCESSOR_DEFINITIONS = (
					"DEBUG=1",
					"$(inherited)",
				);
				INFOPLIST_FILE = MyToDoListAppTests/Info.plist;
				LD_RUNPATH_SEARCH_PATHS = "$(inherited) @executable_path/Frameworks @loader_path/Frameworks";
				PRODUCT_NAME = "$(TARGET_NAME)";
				TEST_HOST = "$(BUILT_PRODUCTS_DIR)/MyToDoListApp.app/MyToDoListApp";
			};
			name = Debug;
		};
		46DD4A811D209CA00019064E /* Release */ = {
			isa = XCBuildConfiguration;
			buildSettings = {
				BUNDLE_LOADER = "$(TEST_HOST)";
				FRAMEWORK_SEARCH_PATHS = (
					"$(SDKROOT)/Developer/Library/Frameworks",
					"$(inherited)",
				);
				INFOPLIST_FILE = MyToDoListAppTests/Info.plist;
				LD_RUNPATH_SEARCH_PATHS = "$(inherited) @executable_path/Frameworks @loader_path/Frameworks";
				PRODUCT_NAME = "$(TARGET_NAME)";
				TEST_HOST = "$(BUILT_PRODUCTS_DIR)/MyToDoListApp.app/MyToDoListApp";
			};
			name = Release;
		};
/* End XCBuildConfiguration section */

/* Begin XCConfigurationList section */
		46DD4A551D209CA00019064E /* Build configuration list for PBXProject "MyToDoListApp" */ = {
			isa = XCConfigurationList;
			buildConfigurations = (
				46DD4A7A1D209CA00019064E /* Debug */,
				46DD4A7B1D209CA00019064E /* Release */,
			);
			defaultConfigurationIsVisible = 0;
			defaultConfigurationName = Release;
		};
		46DD4A7C1D209CA00019064E /* Build configuration list for PBXNativeTarget "MyToDoListApp" */ = {
			isa = XCConfigurationList;
			buildConfigurations = (
				46DD4A7D1D209CA00019064E /* Debug */,
				46DD4A7E1D209CA00019064E /* Release */,
			);
			defaultConfigurationIsVisible = 0;
		};
		46DD4A7F1D209CA00019064E /* Build configuration list for PBXNativeTarget "MyToDoListAppTests" */ = {
			isa = XCConfigurationList;
			buildConfigurations = (
				46DD4A801D209CA00019064E /* Debug */,
				46DD4A811D209CA00019064E /* Release */,
			);
			defaultConfigurationIsVisible = 0;
		};
/* End XCConfigurationList section */

/* Begin XCVersionGroup section */
		46DD4A611D209CA00019064E /* MyToDoListApp.xcdatamodeld */ = {
			isa = XCVersionGroup;
			children = (
				46DD4A621D209CA00019064E /* MyToDoListApp.xcdatamodel */,
			);
			currentVersion = 46DD4A621D209CA00019064E /* MyToDoListApp.xcdatamodel */;
			path = MyToDoListApp.xcdatamodeld;
			sourceTree = "<group>";
			versionGroupType = wrapper.xcdatamodel;
		};
/* End XCVersionGroup section */
	};
	rootObject = 46DD4A521D209CA00019064E /* Project object */;
}
